{
  "pins" : [
    {
      "identity" : "swiftuiindexedlist",
      "kind" : "remoteSourceControl",
      "location" : "https://github.com/ciaranrobrien/SwiftUIIndexedList",
      "state" : {
        "branch" : "main",
        "revision" : "0d4f3acd4318fc1cc9cf9612eb044aa361d5d94b"
      }
    }
  ],
  "version" : 2
}
